// !$*UTF8*$!
{
	archiveVersion = 1;
	classes = {
	};
	objectVersion = 46;
	objects = {

/* Begin PBXBuildFile section */
		D8D9FFCB1B70C04E00248F90 /* AppDelegate.swift in Sources */ = {isa = PBXBuildFile; fileRef = D8D9FFCA1B70C04E00248F90 /* AppDelegate.swift */; };
		D8D9FFCD1B70C04E00248F90 /* ViewController.swift in Sources */ = {isa = PBXBuildFile; fileRef = D8D9FFCC1B70C04E00248F90 /* ViewController.swift */; };
		D8D9FFD01B70C04E00248F90 /* Main.storyboard in Resources */ = {isa = PBXBuildFile; fileRef = D8D9FFCE1B70C04E00248F90 /* Main.storyboard */; };
		D8D9FFD21B70C04E00248F90 /* Images.xcassets in Resources */ = {isa = PBXBuildFile; fileRef = D8D9FFD11B70C04E00248F90 /* Images.xcassets */; };
		D8D9FFD51B70C04E00248F90 /* LaunchScreen.xib in Resources */ = {isa = PBXBuildFile; fileRef = D8D9FFD31B70C04E00248F90 /* LaunchScreen.xib */; };
		D8D9FFE11B70C04E00248F90 /* GitProgectTests.swift in Sources */ = {isa = PBXBuildFile; fileRef = D8D9FFE01B70C04E00248F90 /* GitProgectTests.swift */; };
/* End PBXBuildFile section */

/* Begin PBXContainerItemProxy section */
		D8D9FFDB1B70C04E00248F90 /* PBXContainerItemProxy */ = {
			isa = PBXContainerItemProxy;
			containerPortal = D8D9FFBD1B70C04E00248F90 /* Project object */;
			proxyType = 1;
			remoteGlobalIDString = D8D9FFC41B70C04E00248F90;
			remoteInfo = GitProgect;
		};
/* End PBXContainerItemProxy section */

/* Begin PBXFileReference section */
		D8D9FFC51B70C04E00248F90 /* GitProgect.app */ = {isa = PBXFileReference; explicitFileType = wrapper.application; includeInIndex = 0; path = GitProgect.app; sourceTree = BUILT_PRODUCTS_DIR; };
		D8D9FFC91B70C04E00248F90 /* Info.plist */ = {isa = PBXFileReference; lastKnownFileType = text.plist.xml; path = Info.plist; sourceTree = "<group>"; };
		D8D9FFCA1B70C04E00248F90 /* AppDelegate.swift */ = {isa = PBXFileReference; lastKnownFileType = sourcecode.swift; path = AppDelegate.swift; sourceTree = "<group>"; };
		D8D9FFCC1B70C04E00248F90 /* ViewController.swift */ = {isa = PBXFileReference; lastKnownFileType = sourcecode.swift; path = ViewController.swift; sourceTree = "<group>"; };
		D8D9FFCF1B70C04E00248F90 /* Base */ = {isa = PBXFileReference; lastKnownFileType = file.storyboard; name = Base; path = Base.lproj/Main.storyboard; sourceTree = "<group>"; };
		D8D9FFD11B70C04E00248F90 /* Images.xcassets */ = {isa = PBXFileReference; lastKnownFileType = folder.assetcatalog; path = Images.xcassets; sourceTree = "<group>"; };
		D8D9FFD41B70C04E00248F90 /* Base */ = {isa = PBXFileReference; lastKnownFileType = file.xib; name = Base; path = Base.lproj/LaunchScreen.xib; sourceTree = "<group>"; };
		D8D9FFDA1B70C04E00248F90 /* GitProgectTests.xctest */ = {isa = PBXFileReference; explicitFileType = wrapper.cfbundle; includeInIndex = 0; path = GitProgectTests.xctest; sourceTree = BUILT_PRODUCTS_DIR; };
		D8D9FFDF1B70C04E00248F90 /* Info.plist */ = {isa = PBXFileReference; lastKnownFileType = text.plist.xml; path = Info.plist; sourceTree = "<group>"; };
		D8D9FFE01B70C04E00248F90 /* GitProgectTests.swift */ = {isa = PBXFileReference; lastKnownFileType = sourcecode.swift; path = GitProgectTests.swift; sourceTree = "<group>"; };
/* End PBXFileReference section */

/* Begin PBXFrameworksBuildPhase section */
		D8D9FFC21B70C04E00248F90 /* Frameworks */ = {
			isa = PBXFrameworksBuildPhase;
			buildActionMask = 2147483647;
			files = (
			);
			runOnlyForDeploymentPostprocessing = 0;
		};
		D8D9FFD71B70C04E00248F90 /* Frameworks */ = {
			isa = PBXFrameworksBuildPhase;
			buildActionMask = 2147483647;
			files = (
			);
			runOnlyForDeploymentPostprocessing = 0;
		};
/* End PBXFrameworksBuildPhase section */

/* Begin PBXGroup section */
		D8D9FFBC1B70C04E00248F90 = {
			isa = PBXGroup;
			children = (
				D8D9FFC71B70C04E00248F90 /* GitProgect */,
				D8D9FFDD1B70C04E00248F90 /* GitProgectTests */,
				D8D9FFC61B70C04E00248F90 /* Products */,
			);
			sourceTree = "<group>";
		};
		D8D9FFC61B70C04E00248F90 /* Products */ = {
			isa = PBXGroup;
			children = (
				D8D9FFC51B70C04E00248F90 /* GitProgect.app */,
				D8D9FFDA1B70C04E00248F90 /* GitProgectTests.xctest */,
			);
			name = Products;
			sourceTree = "<group>";
		};
		D8D9FFC71B70C04E00248F90 /* GitProgect */ = {
			isa = PBXGroup;
			children = (
				D8D9FFCA1B70C04E00248F90 /* AppDelegate.swift */,
				D8D9FFCC1B70C04E00248F90 /* ViewController.swift */,
				D8D9FFCE1B70C04E00248F90 /* Main.storyboard */,
				D8D9FFD11B70C04E00248F90 /* Images.xcassets */,
				D8D9FFD31B70C04E00248F90 /* LaunchScreen.xib */,
				D8D9FFC81B70C04E00248F90 /* Supporting Files */,
			);
			path = GitProgect;
			sourceTree = "<group>";
		};
		D8D9FFC81B70C04E00248F90 /* Supporting Files */ = {
			isa = PBXGroup;
			children = (
				D8D9FFC91B70C04E00248F90 /* Info.plist */,
			);
			name = "Supporting Files";
			sourceTree = "<group>";
		};
		D8D9FFDD1B70C04E00248F90 /* GitProgectTests */ = {
			isa = PBXGroup;
			children = (
				D8D9FFE01B70C04E00248F90 /* GitProgectTests.swift */,
				D8D9FFDE1B70C04E00248F90 /* Supporting Files */,
			);
			path = GitProgectTests;
			sourceTree = "<group>";
		};
		D8D9FFDE1B70C04E00248F90 /* Supporting Files */ = {
			isa = PBXGroup;
			children = (
				D8D9FFDF1B70C04E00248F90 /* Info.plist */,
			);
			name = "Supporting Files";
			sourceTree = "<group>";
		};
/* End PBXGroup section */

/* Begin PBXNativeTarget section */
		D8D9FFC41B70C04E00248F90 /* GitProgect */ = {
			isa = PBXNativeTarget;
			buildConfigurationList = D8D9FFE41B70C04E00248F90 /* Build configuration list for PBXNativeTarget "GitProgect" */;
			buildPhases = (
				D8D9FFC11B70C04E00248F90 /* Sources */,
				D8D9FFC21B70C04E00248F90 /* Frameworks */,
				D8D9FFC31B70C04E00248F90 /* Resources */,
			);
			buildRules = (
			);
			dependencies = (
			);
			name = GitProgect;
			productName = GitProgect;
			productReference = D8D9FFC51B70C04E00248F90 /* GitProgect.app */;
			productType = "com.apple.product-type.application";
		};
		D8D9FFD91B70C04E00248F90 /* GitProgectTests */ = {
			isa = PBXNativeTarget;
			buildConfigurationList = D8D9FFE71B70C04E00248F90 /* Build configuration list for PBXNativeTarget "GitProgectTests" */;
			buildPhases = (
				D8D9FFD61B70C04E00248F90 /* Sources */,
				D8D9FFD71B70C04E00248F90 /* Frameworks */,
				D8D9FFD81B70C04E00248F90 /* Resources */,
			);
			buildRules = (
			);
			dependencies = (
				D8D9FFDC1B70C04E00248F90 /* PBXTargetDependency */,
			);
			name = GitProgectTests;
			productName = GitProgectTests;
			productReference = D8D9FFDA1B70C04E00248F90 /* GitProgectTests.xctest */;
			productType = "com.apple.product-type.bundle.unit-test";
		};
/* End PBXNativeTarget section */

/* Begin PBXProject section */
		D8D9FFBD1B70C04E00248F90 /* Project object */ = {
			isa = PBXProject;
			attributes = {
				LastUpgradeCheck = 0630;
				ORGANIZATIONNAME = "ht—zww";
				TargetAttributes = {
					D8D9FFC41B70C04E00248F90 = {
						CreatedOnToolsVersion = 6.3.2;
					};
					D8D9FFD91B70C04E00248F90 = {
						CreatedOnToolsVersion = 6.3.2;
						TestTargetID = D8D9FFC41B70C04E00248F90;
					};
				};
			};
			buildConfigurationList = D8D9FFC01B70C04E00248F90 /* Build configuration list for PBXProject "GitProgect" */;
			compatibilityVersion = "Xcode 3.2";
			developmentRegion = English;
			hasScannedForEncodings = 0;
			knownRegions = (
				en,
				Base,
			);
			mainGroup = D8D9FFBC1B70C04E00248F90;
			productRefGroup = D8D9FFC61B70C04E00248F90 /* Products */;
			projectDirPath = "";
			projectRoot = "";
			targets = (
				D8D9FFC41B70C04E00248F90 /* GitProgect */,
				D8D9FFD91B70C04E00248F90 /* GitProgectTests */,
			);
		};
/* End PBXProject section */

/* Begin PBXResourcesBuildPhase section */
		D8D9FFC31B70C04E00248F90 /* Resources */ = {
			isa = PBXResourcesBuildPhase;
			buildActionMask = 2147483647;
			files = (
				D8D9FFD01B70C04E00248F90 /* Main.storyboard in Resources */,
				D8D9FFD51B70C04E00248F90 /* LaunchScreen.xib in Resources */,
				D8D9FFD21B70C04E00248F90 /* Images.xcassets in Resources */,
			);
			runOnlyForDeploymentPostprocessing = 0;
		};
		D8D9FFD81B70C04E00248F90 /* Resources */ = {
			isa = PBXResourcesBuildPhase;
			buildActionMask = 2147483647;
			files = (
			);
			runOnlyForDeploymentPostprocessing = 0;
		};
/* End PBXResourcesBuildPhase section */

/* Begin PBXSourcesBuildPhase section */
		D8D9FFC11B70C04E00248F90 /* Sources */ = {
			isa = PBXSourcesBuildPhase;
			buildActionMask = 2147483647;
			files = (
				D8D9FFCD1B70C04E00248F90 /* ViewController.swift in Sources */,
				D8D9FFCB1B70C04E00248F90 /* AppDelegate.swift in Sources */,
			);
			runOnlyForDeploymentPostprocessing = 0;
		};
		D8D9FFD61B70C04E00248F90 /* Sources */ = {
			isa = PBXSourcesBuildPhase;
			buildActionMask = 2147483647;
			files = (
				D8D9FFE11B70C04E00248F90 /* GitProgectTests.swift in Sources */,
			);
			runOnlyForDeploymentPostprocessing = 0;
		};
/* End PBXSourcesBuildPhase section */

/* Begin PBXTargetDependency section */
		D8D9FFDC1B70C04E00248F90 /* PBXTargetDependency */ = {
			isa = PBXTargetDependency;
			target = D8D9FFC41B70C04E00248F90 /* GitProgect */;
			targetProxy = D8D9FFDB1B70C04E00248F90 /* PBXContainerItemProxy */;
		};
/* End PBXTargetDependency section */

/* Begin PBXVariantGroup section */
		D8D9FFCE1B70C04E00248F90 /* Main.storyboard */ = {
			isa = PBXVariantGroup;
			children = (
				D8D9FFCF1B70C04E00248F90 /* Base */,
			);
			name = Main.storyboard;
			sourceTree = "<group>";
		};
		D8D9FFD31B70C04E00248F90 /* LaunchScreen.xib */ = {
			isa = PBXVariantGroup;
			children = (
				D8D9FFD41B70C04E00248F90 /* Base */,
			);
			name = LaunchScreen.xib;
			sourceTree = "<group>";
		};
/* End PBXVariantGroup section */

/* Begin XCBuildConfiguration section */
		D8D9FFE21B70C04E00248F90 /* Debug */ = {
			isa = XCBuildConfiguration;
			buildSettings = {
				ALWAYS_SEARCH_USER_PATHS = NO;
				CLANG_CXX_LANGUAGE_STANDARD = "gnu++0x";
				CLANG_CXX_LIBRARY = "libc++";
				CLANG_ENABLE_MODULES = YES;
				CLANG_ENABLE_OBJC_ARC = YES;
				CLANG_WARN_BOOL_CONVERSION = YES;
				CLANG_WARN_CONSTANT_CONVERSION = YES;
				CLANG_WARN_DIRECT_OBJC_ISA_USAGE = YES_ERROR;
				CLANG_WARN_EMPTY_BODY = YES;
				CLANG_WARN_ENUM_CONVERSION = YES;
				CLANG_WARN_INT_CONVERSION = YES;
				CLANG_WARN_OBJC_ROOT_CLASS = YES_ERROR;
				CLANG_WARN_UNREACHABLE_CODE = YES;
				CLANG_WARN__DUPLICATE_METHOD_MATCH = YES;
				"CODE_SIGN_IDENTITY[sdk=iphoneos*]" = "iPhone Developer";
				COPY_PHASE_STRIP = NO;
				DEBUG_INFORMATION_FORMAT = "dwarf-with-dsym";
				ENABLE_STRICT_OBJC_MSGSEND = YES;
				GCC_C_LANGUAGE_STANDARD = gnu99;
				GCC_DYNAMIC_NO_PIC = NO;
				GCC_NO_COMMON_BLOCKS = YES;
				GCC_OPTIMIZATION_LEVEL = 0;
				GCC_PREPROCESSOR_DEFINITIONS = (
					"DEBUG=1",
					"$(inherited)",
				);
				GCC_SYMBOLS_PRIVATE_EXTERN = NO;
				GCC_WARN_64_TO_32_BIT_CONVERSION = YES;
				GCC_WARN_ABOUT_RETURN_TYPE = YES_ERROR;
				GCC_WARN_UNDECLARED_SELECTOR = YES;
				GCC_WARN_UNINITIALIZED_AUTOS = YES_AGGRESSIVE;
				GCC_WARN_UNUSED_FUNCTION = YES;
				GCC_WARN_UNUSED_VARIABLE = YES;
				IPHONEOS_DEPLOYMENT_TARGET = 8.3;
				MTL_ENABLE_DEBUG_INFO = YES;
				ONLY_ACTIVE_ARCH = YES;
				SDKROOT = iphoneos;
				SWIFT_OPTIMIZATION_LEVEL = "-Onone";
			};
			name = Debug;
		};
		D8D9FFE31B70C04E00248F90 /* Release */ = {
			isa = XCBuildConfiguration;
			buildSettings = {
				ALWAYS_SEARCH_USER_PATHS = NO;
				CLANG_CXX_LANGUAGE_STANDARD = "gnu++0x";
				CLANG_CXX_LIBRARY = "libc++";
				CLANG_ENABLE_MODULES = YES;
				CLANG_ENABLE_OBJC_ARC = YES;
				CLANG_WARN_BOOL_CONVERSION = YES;
				CLANG_WARN_CONSTANT_CONVERSION = YES;
				CLANG_WARN_DIRECT_OBJC_ISA_USAGE = YES_ERROR;
				CLANG_WARN_EMPTY_BODY = YES;
				CLANG_WARN_ENUM_CONVERSION = YES;
				CLANG_WARN_INT_CONVERSION = YES;
				CLANG_WARN_OBJC_ROOT_CLASS = YES_ERROR;
				CLANG_WARN_UNREACHABLE_CODE = YES;
				CLANG_WARN__DUPLICATE_METHOD_MATCH = YES;
				"CODE_SIGN_IDENTITY[sdk=iphoneos*]" = "iPhone Developer";
				COPY_PHASE_STRIP = NO;
				DEBUG_INFORMATION_FORMAT = "dwarf-with-dsym";
				ENABLE_NS_ASSERTIONS = NO;
				ENABLE_STRICT_OBJC_MSGSEND = YES;
				GCC_C_LANGUAGE_STANDARD = gnu99;
				GCC_NO_COMMON_BLOCKS = YES;
				GCC_WARN_64_TO_32_BIT_CONVERSION = YES;
				GCC_WARN_ABOUT_RETURN_TYPE = YES_ERROR;
				GCC_WARN_UNDECLARED_SELECTOR = YES;
				GCC_WARN_UNINITIALIZED_AUTOS = YES_AGGRESSIVE;
				GCC_WARN_UNUSED_FUNCTION = YES;
				GCC_WARN_UNUSED_VARIABLE = YES;
				IPHONEOS_DEPLOYMENT_TARGET = 8.3;
				MTL_ENABLE_DEBUG_INFO = NO;
				SDKROOT = iphoneos;
				VALIDATE_PRODUCT = YES;
			};
			name = Release;
		};
		D8D9FFE51B70C04E00248F90 /* Debug */ = {
			isa = XCBuildConfiguration;
			buildSettings = {
				ASSETCATALOG_COMPILER_APPICON_NAME = AppIcon;
				INFOPLIST_FILE = GitProgect/Info.plist;
				LD_RUNPATH_SEARCH_PATHS = "$(inherited) @executable_path/Frameworks";
				PRODUCT_NAME = "$(TARGET_NAME)";
			};
			name = Debug;
		};
		D8D9FFE61B70C04E00248F90 /* Release */ = {
			isa = XCBuildConfiguration;
			buildSettings = {
				ASSETCATALOG_COMPILER_APPICON_NAME = AppIcon;
				INFOPLIST_FILE = GitProgect/Info.plist;
				LD_RUNPATH_SEARCH_PATHS = "$(inherited) @executable_path/Frameworks";
				PRODUCT_NAME = "$(TARGET_NAME)";
			};
			name = Release;
		};
		D8D9FFE81B70C04E00248F90 /* Debug */ = {
			isa = XCBuildConfiguration;
			buildSettings = {
				BUNDLE_LOADER = "$(TEST_HOST)";
				FRAMEWORK_SEARCH_PATHS = (
					"$(SDKROOT)/Developer/Library/Frameworks",
					"$(inherited)",
				);
				GCC_PREPROCESSOR_DEFINITIONS = (
					"DEBUG=1",
					"$(inherited)",
				);
				INFOPLIST_FILE = GitProgectTests/Info.plist;
				LD_RUNPATH_SEARCH_PATHS = "$(inherited) @executable_path/Frameworks @loader_path/Frameworks";
				PRODUCT_NAME = "$(TARGET_NAME)";
				TEST_HOST = "$(BUILT_PRODUCTS_DIR)/GitProgect.app/GitProgect";
			};
			name = Debug;
		};
		D8D9FFE91B70C04E00248F90 /* Release */ = {
			isa = XCBuildConfiguration;
			buildSettings = {
				BUNDLE_LOADER = "$(TEST_HOST)";
				FRAMEWORK_SEARCH_PATHS = (
					"$(SDKROOT)/Developer/Library/Frameworks",
					"$(inherited)",
				);
				INFOPLIST_FILE = GitProgectTests/Info.plist;
				LD_RUNPATH_SEARCH_PATHS = "$(inherited) @executable_path/Frameworks @loader_path/Frameworks";
				PRODUCT_NAME = "$(TARGET_NAME)";
				TEST_HOST = "$(BUILT_PRODUCTS_DIR)/GitProgect.app/GitProgect";
			};
			name = Release;
		};
/* End XCBuildConfiguration section */

/* Begin XCConfigurationList section */
		D8D9FFC01B70C04E00248F90 /* Build configuration list for PBXProject "GitProgect" */ = {
			isa = XCConfigurationList;
			buildConfigurations = (
				D8D9FFE21B70C04E00248F90 /* Debug */,
				D8D9FFE31B70C04E00248F90 /* Release */,
			);
			defaultConfigurationIsVisible = 0;
			defaultConfigurationName = Release;
		};
		D8D9FFE41B70C04E00248F90 /* Build configuration list for PBXNativeTarget "GitProgect" */ = {
			isa = XCConfigurationList;
			buildConfigurations = (
				D8D9FFE51B70C04E00248F90 /* Debug */,
				D8D9FFE61B70C04E00248F90 /* Release */,
			);
			defaultConfigurationIsVisible = 0;
		};
		D8D9FFE71B70C04E00248F90 /* Build configuration list for PBXNativeTarget "GitProgectTests" */ = {
			isa = XCConfigurationList;
			buildConfigurations = (
				D8D9FFE81B70C04E00248F90 /* Debug */,
				D8D9FFE91B70C04E00248F90 /* Release */,
			);
			defaultConfigurationIsVisible = 0;
		};
/* End XCConfigurationList section */
	};
	rootObject = D8D9FFBD1B70C04E00248F90 /* Project object */;
}
